
Microsoft Visual Studio Solution File, Format Version 12.00
# Visual Studio Version 17
VisualStudioVersion = 17.0.31903.59
MinimumVisualStudioVersion = 10.0.40219.1
Project("{2150E333-8FDC-42A3-9474-1A3956D46DE8}") = "src", "src", "{827E0CD3-B72D-47B6-A68D-7590B98EB39B}"
EndProject
Project("{2150E333-8FDC-42A3-9474-1A3956D46DE8}") = "tests", "tests", "{0AB3BF05-4346-4AA6-1389-037BE0695223}"
EndProject
Project("{2150E333-8FDC-42A3-9474-1A3956D46DE8}") = "Presentation", "Presentation", "{E68CD84D-E0E5-33D6-F5EB-1781B188017D}"
EndProject
Project("{2150E333-8FDC-42A3-9474-1A3956D46DE8}") = "Framework", "Framework", "{E0AD1809-C64F-3D39-45E0-E424261CE16D}"
EndProject
#if(architecture == "clean-arc")
Project("{2150E333-8FDC-42A3-9474-1A3956D46DE8}") = "Core", "Core", "{8D626EA8-CB54-BC41-363A-217881BEBA6E}"
EndProject
Project("{2150E333-8FDC-42A3-9474-1A3956D46DE8}") = "Application", "Application", "{22BAF98C-8415-17C4-B26A-D537657BC863}"
EndProject
Project("{2150E333-8FDC-42A3-9474-1A3956D46DE8}") = "Shared", "Shared", "{0E3EAB1E-1001-41ED-941C-125EEBD5CBE4}"
EndProject
Project("{FAE04EC0-301F-11D3-BF4B-00C04F79EFBC}") = "Ghanavats.DotnetAws.UseCases", "src\Application\Ghanavats.DotnetAws.UseCases\Ghanavats.DotnetAws.UseCases.csproj", "{A3463358-2B9F-4FED-B9CF-011E800BEE7A}"
EndProject
Project("{FAE04EC0-301F-11D3-BF4B-00C04F79EFBC}") = "Ghanavats.DotnetAws.Shared", "src\Shared\Ghanavats.DotnetAws.Shared\Ghanavats.DotnetAws.Shared.csproj", "{71F7F2D2-5506-4B5C-9FF2-CDFD3F91DC35}"
EndProject
Project("{FAE04EC0-301F-11D3-BF4B-00C04F79EFBC}") = "Ghanavats.DotnetAws.Infrastructure", "src\Framework\Ghanavats.DotnetAws.Infrastructure\Ghanavats.DotnetAws.Infrastructure.csproj", "{2373B394-1DAE-4AA5-B1D2-1CD890C31FD6}"
EndProject
Project("{FAE04EC0-301F-11D3-BF4B-00C04F79EFBC}") = "Ghanavats.DotnetAws.Core", "src\Core\Ghanavats.DotnetAws.Core\Ghanavats.DotnetAws.Core.csproj", "{907B3E50-C629-4F87-B167-A979209F564E}"
EndProject
Project("{FAE04EC0-301F-11D3-BF4B-00C04F79EFBC}") = "Ghanavats.DotnetAws.UseCases.Tests", "tests\Ghanavats.DotnetAws.UseCases.Tests\Ghanavats.DotnetAws.UseCases.Tests.csproj", "{6DCDBEDA-094A-442D-B58C-218365E5E00C}"
EndProject
Project("{FAE04EC0-301F-11D3-BF4B-00C04F79EFBC}") = "Ghanavats.DotnetAws.Infrastructure.Tests", "tests\Ghanavats.DotnetAws.Infrastructure.Tests\Ghanavats.DotnetAws.Infrastructure.Tests.csproj", "{AF57D76D-8FE7-4BD0-B269-47D058F7A98D}"
EndProject
Project("{FAE04EC0-301F-11D3-BF4B-00C04F79EFBC}") = "Ghanavats.DotnetAws.Core.Tests", "tests\Ghanavats.DotnetAws.Core.Tests\Ghanavats.DotnetAws.Core.Tests.csproj", "{BD8F7404-6B55-44B0-9A5C-9851F21D031A}"
EndProject
Project("{FAE04EC0-301F-11D3-BF4B-00C04F79EFBC}") = "Ghanavats.DotnetAws.Shared.Tests", "tests\Ghanavats.DotnetAws.Shared.Tests\Ghanavats.DotnetAws.Shared.Tests.csproj", "{D4C8DDAE-F929-4D5E-804B-6B5A100B9FAB}"
EndProject
Project("{FAE04EC0-301F-11D3-BF4B-00C04F79EFBC}") = "Ghanavats.DotnetAws.ArchitectureTests", "tests\Ghanavats.DotnetAws.ArchitectureTests\Ghanavats.DotnetAws.ArchitectureTests.csproj", "{2974DF9F-443F-45B4-A0FE-FB3745AE30BD}"
EndProject
#endif
Project("{FAE04EC0-301F-11D3-BF4B-00C04F79EFBC}") = "Ghanavats.DotnetAws.Api", "src\Presentation\Ghanavats.DotnetAws.Api\Ghanavats.DotnetAws.Api.csproj", "{898A2977-16B4-4F08-B7D8-70DF98673E46}"
EndProject
Project("{FAE04EC0-301F-11D3-BF4B-00C04F79EFBC}") = "Ghanavats.DotnetAws.Api.Tests", "tests\Ghanavats.DotnetAws.Api.Tests\Ghanavats.DotnetAws.Api.Tests.csproj", "{B7F5352F-4E1A-4236-8A99-E1C95CCADE0F}"
EndProject
Project("{FAE04EC0-301F-11D3-BF4B-00C04F79EFBC}") = "Ghanavats.DotnetAws.IaC", "src\Framework\Ghanavats.DotnetAws.IaC\Ghanavats.DotnetAws.IaC.csproj", "{CDEC4EC0-8643-43A4-B8BF-10E8B0A695A0}"
EndProject
Project("{2150E333-8FDC-42A3-9474-1A3956D46DE8}") = "SolutionItems", "SolutionItems", "{6DB56DA9-9018-454B-9F21-7CD0E0A07205}"
	ProjectSection(SolutionItems) = preProject
		README.md = README.md
		.editorconfig = .editorconfig
		Directory.Packages.props = Directory.Packages.props
		Directory.Build.props = Directory.Build.props
		global.json = global.json
	EndProjectSection
EndProject
Global
	GlobalSection(SolutionConfigurationPlatforms) = preSolution
		Debug|Any CPU = Debug|Any CPU
		Debug|x64 = Debug|x64
		Debug|x86 = Debug|x86
		Release|Any CPU = Release|Any CPU
		Release|x64 = Release|x64
		Release|x86 = Release|x86
	EndGlobalSection
	GlobalSection(ProjectConfigurationPlatforms) = postSolution
	#if(architecture == "clean-arc")
	{2373B394-1DAE-4AA5-B1D2-1CD890C31FD6}.Debug|Any CPU.ActiveCfg = Debug|Any CPU
				{2373B394-1DAE-4AA5-B1D2-1CD890C31FD6}.Debug|Any CPU.Build.0 = Debug|Any CPU
				{2373B394-1DAE-4AA5-B1D2-1CD890C31FD6}.Debug|x64.ActiveCfg = Debug|Any CPU
				{2373B394-1DAE-4AA5-B1D2-1CD890C31FD6}.Debug|x64.Build.0 = Debug|Any CPU
				{2373B394-1DAE-4AA5-B1D2-1CD890C31FD6}.Debug|x86.ActiveCfg = Debug|Any CPU
				{2373B394-1DAE-4AA5-B1D2-1CD890C31FD6}.Debug|x86.Build.0 = Debug|Any CPU
				{2373B394-1DAE-4AA5-B1D2-1CD890C31FD6}.Release|Any CPU.ActiveCfg = Release|Any CPU
				{2373B394-1DAE-4AA5-B1D2-1CD890C31FD6}.Release|Any CPU.Build.0 = Release|Any CPU
				{2373B394-1DAE-4AA5-B1D2-1CD890C31FD6}.Release|x64.ActiveCfg = Release|Any CPU
				{2373B394-1DAE-4AA5-B1D2-1CD890C31FD6}.Release|x64.Build.0 = Release|Any CPU
				{2373B394-1DAE-4AA5-B1D2-1CD890C31FD6}.Release|x86.ActiveCfg = Release|Any CPU
				{2373B394-1DAE-4AA5-B1D2-1CD890C31FD6}.Release|x86.Build.0 = Release|Any CPU
				{A3463358-2B9F-4FED-B9CF-011E800BEE7A}.Debug|Any CPU.ActiveCfg = Debug|Any CPU
				{A3463358-2B9F-4FED-B9CF-011E800BEE7A}.Debug|Any CPU.Build.0 = Debug|Any CPU
				{A3463358-2B9F-4FED-B9CF-011E800BEE7A}.Debug|x64.ActiveCfg = Debug|Any CPU
				{A3463358-2B9F-4FED-B9CF-011E800BEE7A}.Debug|x64.Build.0 = Debug|Any CPU
				{A3463358-2B9F-4FED-B9CF-011E800BEE7A}.Debug|x86.ActiveCfg = Debug|Any CPU
				{A3463358-2B9F-4FED-B9CF-011E800BEE7A}.Debug|x86.Build.0 = Debug|Any CPU
				{A3463358-2B9F-4FED-B9CF-011E800BEE7A}.Release|Any CPU.ActiveCfg = Release|Any CPU
				{A3463358-2B9F-4FED-B9CF-011E800BEE7A}.Release|Any CPU.Build.0 = Release|Any CPU
				{A3463358-2B9F-4FED-B9CF-011E800BEE7A}.Release|x64.ActiveCfg = Release|Any CPU
				{A3463358-2B9F-4FED-B9CF-011E800BEE7A}.Release|x64.Build.0 = Release|Any CPU
				{A3463358-2B9F-4FED-B9CF-011E800BEE7A}.Release|x86.ActiveCfg = Release|Any CPU
				{A3463358-2B9F-4FED-B9CF-011E800BEE7A}.Release|x86.Build.0 = Release|Any CPU
				{71F7F2D2-5506-4B5C-9FF2-CDFD3F91DC35}.Debug|Any CPU.ActiveCfg = Debug|Any CPU
				{71F7F2D2-5506-4B5C-9FF2-CDFD3F91DC35}.Debug|Any CPU.Build.0 = Debug|Any CPU
				{71F7F2D2-5506-4B5C-9FF2-CDFD3F91DC35}.Debug|x64.ActiveCfg = Debug|Any CPU
				{71F7F2D2-5506-4B5C-9FF2-CDFD3F91DC35}.Debug|x64.Build.0 = Debug|Any CPU
				{71F7F2D2-5506-4B5C-9FF2-CDFD3F91DC35}.Debug|x86.ActiveCfg = Debug|Any CPU
				{71F7F2D2-5506-4B5C-9FF2-CDFD3F91DC35}.Debug|x86.Build.0 = Debug|Any CPU
				{71F7F2D2-5506-4B5C-9FF2-CDFD3F91DC35}.Release|Any CPU.ActiveCfg = Release|Any CPU
				{71F7F2D2-5506-4B5C-9FF2-CDFD3F91DC35}.Release|Any CPU.Build.0 = Release|Any CPU
				{71F7F2D2-5506-4B5C-9FF2-CDFD3F91DC35}.Release|x64.ActiveCfg = Release|Any CPU
				{71F7F2D2-5506-4B5C-9FF2-CDFD3F91DC35}.Release|x64.Build.0 = Release|Any CPU
				{71F7F2D2-5506-4B5C-9FF2-CDFD3F91DC35}.Release|x86.ActiveCfg = Release|Any CPU
				{71F7F2D2-5506-4B5C-9FF2-CDFD3F91DC35}.Release|x86.Build.0 = Release|Any CPU
				{907B3E50-C629-4F87-B167-A979209F564E}.Debug|Any CPU.ActiveCfg = Debug|Any CPU
				{907B3E50-C629-4F87-B167-A979209F564E}.Debug|Any CPU.Build.0 = Debug|Any CPU
				{907B3E50-C629-4F87-B167-A979209F564E}.Debug|x64.ActiveCfg = Debug|Any CPU
				{907B3E50-C629-4F87-B167-A979209F564E}.Debug|x64.Build.0 = Debug|Any CPU
				{907B3E50-C629-4F87-B167-A979209F564E}.Debug|x86.ActiveCfg = Debug|Any CPU
				{907B3E50-C629-4F87-B167-A979209F564E}.Debug|x86.Build.0 = Debug|Any CPU
				{907B3E50-C629-4F87-B167-A979209F564E}.Release|Any CPU.ActiveCfg = Release|Any CPU
				{907B3E50-C629-4F87-B167-A979209F564E}.Release|Any CPU.Build.0 = Release|Any CPU
				{907B3E50-C629-4F87-B167-A979209F564E}.Release|x64.ActiveCfg = Release|Any CPU
				{907B3E50-C629-4F87-B167-A979209F564E}.Release|x64.Build.0 = Release|Any CPU
				{907B3E50-C629-4F87-B167-A979209F564E}.Release|x86.ActiveCfg = Release|Any CPU
				{907B3E50-C629-4F87-B167-A979209F564E}.Release|x86.Build.0 = Release|Any CPU
				{6DCDBEDA-094A-442D-B58C-218365E5E00C}.Debug|Any CPU.ActiveCfg = Debug|Any CPU
				{6DCDBEDA-094A-442D-B58C-218365E5E00C}.Debug|Any CPU.Build.0 = Debug|Any CPU
				{6DCDBEDA-094A-442D-B58C-218365E5E00C}.Debug|x64.ActiveCfg = Debug|Any CPU
				{6DCDBEDA-094A-442D-B58C-218365E5E00C}.Debug|x64.Build.0 = Debug|Any CPU
				{6DCDBEDA-094A-442D-B58C-218365E5E00C}.Debug|x86.ActiveCfg = Debug|Any CPU
				{6DCDBEDA-094A-442D-B58C-218365E5E00C}.Debug|x86.Build.0 = Debug|Any CPU
				{6DCDBEDA-094A-442D-B58C-218365E5E00C}.Release|Any CPU.ActiveCfg = Release|Any CPU
				{6DCDBEDA-094A-442D-B58C-218365E5E00C}.Release|Any CPU.Build.0 = Release|Any CPU
				{6DCDBEDA-094A-442D-B58C-218365E5E00C}.Release|x64.ActiveCfg = Release|Any CPU
				{6DCDBEDA-094A-442D-B58C-218365E5E00C}.Release|x64.Build.0 = Release|Any CPU
				{6DCDBEDA-094A-442D-B58C-218365E5E00C}.Release|x86.ActiveCfg = Release|Any CPU
				{6DCDBEDA-094A-442D-B58C-218365E5E00C}.Release|x86.Build.0 = Release|Any CPU
				{AF57D76D-8FE7-4BD0-B269-47D058F7A98D}.Debug|Any CPU.ActiveCfg = Debug|Any CPU
				{AF57D76D-8FE7-4BD0-B269-47D058F7A98D}.Debug|Any CPU.Build.0 = Debug|Any CPU
				{AF57D76D-8FE7-4BD0-B269-47D058F7A98D}.Debug|x64.ActiveCfg = Debug|Any CPU
				{AF57D76D-8FE7-4BD0-B269-47D058F7A98D}.Debug|x64.Build.0 = Debug|Any CPU
				{AF57D76D-8FE7-4BD0-B269-47D058F7A98D}.Debug|x86.ActiveCfg = Debug|Any CPU
				{AF57D76D-8FE7-4BD0-B269-47D058F7A98D}.Debug|x86.Build.0 = Debug|Any CPU
				{AF57D76D-8FE7-4BD0-B269-47D058F7A98D}.Release|Any CPU.ActiveCfg = Release|Any CPU
				{AF57D76D-8FE7-4BD0-B269-47D058F7A98D}.Release|Any CPU.Build.0 = Release|Any CPU
				{AF57D76D-8FE7-4BD0-B269-47D058F7A98D}.Release|x64.ActiveCfg = Release|Any CPU
				{AF57D76D-8FE7-4BD0-B269-47D058F7A98D}.Release|x64.Build.0 = Release|Any CPU
				{AF57D76D-8FE7-4BD0-B269-47D058F7A98D}.Release|x86.ActiveCfg = Release|Any CPU
				{AF57D76D-8FE7-4BD0-B269-47D058F7A98D}.Release|x86.Build.0 = Release|Any CPU
				{BD8F7404-6B55-44B0-9A5C-9851F21D031A}.Debug|Any CPU.ActiveCfg = Debug|Any CPU
				{BD8F7404-6B55-44B0-9A5C-9851F21D031A}.Debug|Any CPU.Build.0 = Debug|Any CPU
				{BD8F7404-6B55-44B0-9A5C-9851F21D031A}.Debug|x64.ActiveCfg = Debug|Any CPU
				{BD8F7404-6B55-44B0-9A5C-9851F21D031A}.Debug|x64.Build.0 = Debug|Any CPU
				{BD8F7404-6B55-44B0-9A5C-9851F21D031A}.Debug|x86.ActiveCfg = Debug|Any CPU
				{BD8F7404-6B55-44B0-9A5C-9851F21D031A}.Debug|x86.Build.0 = Debug|Any CPU
				{BD8F7404-6B55-44B0-9A5C-9851F21D031A}.Release|Any CPU.ActiveCfg = Release|Any CPU
				{BD8F7404-6B55-44B0-9A5C-9851F21D031A}.Release|Any CPU.Build.0 = Release|Any CPU
				{BD8F7404-6B55-44B0-9A5C-9851F21D031A}.Release|x64.ActiveCfg = Release|Any CPU
				{BD8F7404-6B55-44B0-9A5C-9851F21D031A}.Release|x64.Build.0 = Release|Any CPU
				{BD8F7404-6B55-44B0-9A5C-9851F21D031A}.Release|x86.ActiveCfg = Release|Any CPU
				{BD8F7404-6B55-44B0-9A5C-9851F21D031A}.Release|x86.Build.0 = Release|Any CPU
				{D4C8DDAE-F929-4D5E-804B-6B5A100B9FAB}.Debug|Any CPU.ActiveCfg = Debug|Any CPU
				{D4C8DDAE-F929-4D5E-804B-6B5A100B9FAB}.Debug|Any CPU.Build.0 = Debug|Any CPU
				{D4C8DDAE-F929-4D5E-804B-6B5A100B9FAB}.Debug|x64.ActiveCfg = Debug|Any CPU
				{D4C8DDAE-F929-4D5E-804B-6B5A100B9FAB}.Debug|x64.Build.0 = Debug|Any CPU
				{D4C8DDAE-F929-4D5E-804B-6B5A100B9FAB}.Debug|x86.ActiveCfg = Debug|Any CPU
				{D4C8DDAE-F929-4D5E-804B-6B5A100B9FAB}.Debug|x86.Build.0 = Debug|Any CPU
				{D4C8DDAE-F929-4D5E-804B-6B5A100B9FAB}.Release|Any CPU.ActiveCfg = Release|Any CPU
				{D4C8DDAE-F929-4D5E-804B-6B5A100B9FAB}.Release|Any CPU.Build.0 = Release|Any CPU
				{D4C8DDAE-F929-4D5E-804B-6B5A100B9FAB}.Release|x64.ActiveCfg = Release|Any CPU
				{D4C8DDAE-F929-4D5E-804B-6B5A100B9FAB}.Release|x64.Build.0 = Release|Any CPU
				{D4C8DDAE-F929-4D5E-804B-6B5A100B9FAB}.Release|x86.ActiveCfg = Release|Any CPU
				{D4C8DDAE-F929-4D5E-804B-6B5A100B9FAB}.Release|x86.Build.0 = Release|Any CPU
				{2974DF9F-443F-45B4-A0FE-FB3745AE30BD}.Debug|Any CPU.ActiveCfg = Debug|Any CPU
				{2974DF9F-443F-45B4-A0FE-FB3745AE30BD}.Debug|Any CPU.Build.0 = Debug|Any CPU
				{2974DF9F-443F-45B4-A0FE-FB3745AE30BD}.Debug|x64.ActiveCfg = Debug|Any CPU
				{2974DF9F-443F-45B4-A0FE-FB3745AE30BD}.Debug|x64.Build.0 = Debug|Any CPU
				{2974DF9F-443F-45B4-A0FE-FB3745AE30BD}.Debug|x86.ActiveCfg = Debug|Any CPU
				{2974DF9F-443F-45B4-A0FE-FB3745AE30BD}.Debug|x86.Build.0 = Debug|Any CPU
				{2974DF9F-443F-45B4-A0FE-FB3745AE30BD}.Release|Any CPU.ActiveCfg = Release|Any CPU
				{2974DF9F-443F-45B4-A0FE-FB3745AE30BD}.Release|Any CPU.Build.0 = Release|Any CPU
				{2974DF9F-443F-45B4-A0FE-FB3745AE30BD}.Release|x64.ActiveCfg = Release|Any CPU
				{2974DF9F-443F-45B4-A0FE-FB3745AE30BD}.Release|x64.Build.0 = Release|Any CPU
				{2974DF9F-443F-45B4-A0FE-FB3745AE30BD}.Release|x86.ActiveCfg = Release|Any CPU
				{2974DF9F-443F-45B4-A0FE-FB3745AE30BD}.Release|x86.Build.0 = Release|Any CPU
				#endif
		{B7F5352F-4E1A-4236-8A99-E1C95CCADE0F}.Debug|Any CPU.ActiveCfg = Debug|Any CPU
		{B7F5352F-4E1A-4236-8A99-E1C95CCADE0F}.Debug|Any CPU.Build.0 = Debug|Any CPU
		{B7F5352F-4E1A-4236-8A99-E1C95CCADE0F}.Debug|x64.ActiveCfg = Debug|Any CPU
		{B7F5352F-4E1A-4236-8A99-E1C95CCADE0F}.Debug|x64.Build.0 = Debug|Any CPU
		{B7F5352F-4E1A-4236-8A99-E1C95CCADE0F}.Debug|x86.ActiveCfg = Debug|Any CPU
		{B7F5352F-4E1A-4236-8A99-E1C95CCADE0F}.Debug|x86.Build.0 = Debug|Any CPU
		{B7F5352F-4E1A-4236-8A99-E1C95CCADE0F}.Release|Any CPU.ActiveCfg = Release|Any CPU
		{B7F5352F-4E1A-4236-8A99-E1C95CCADE0F}.Release|Any CPU.Build.0 = Release|Any CPU
		{B7F5352F-4E1A-4236-8A99-E1C95CCADE0F}.Release|x64.ActiveCfg = Release|Any CPU
		{B7F5352F-4E1A-4236-8A99-E1C95CCADE0F}.Release|x64.Build.0 = Release|Any CPU
		{B7F5352F-4E1A-4236-8A99-E1C95CCADE0F}.Release|x86.ActiveCfg = Release|Any CPU
		{B7F5352F-4E1A-4236-8A99-E1C95CCADE0F}.Release|x86.Build.0 = Release|Any CPU
		{898A2977-16B4-4F08-B7D8-70DF98673E46}.Debug|Any CPU.ActiveCfg = Debug|Any CPU
		{898A2977-16B4-4F08-B7D8-70DF98673E46}.Debug|Any CPU.Build.0 = Debug|Any CPU
		{898A2977-16B4-4F08-B7D8-70DF98673E46}.Debug|x64.ActiveCfg = Debug|Any CPU
		{898A2977-16B4-4F08-B7D8-70DF98673E46}.Debug|x64.Build.0 = Debug|Any CPU
		{898A2977-16B4-4F08-B7D8-70DF98673E46}.Debug|x86.ActiveCfg = Debug|Any CPU
		{898A2977-16B4-4F08-B7D8-70DF98673E46}.Debug|x86.Build.0 = Debug|Any CPU
		{898A2977-16B4-4F08-B7D8-70DF98673E46}.Release|Any CPU.ActiveCfg = Release|Any CPU
		{898A2977-16B4-4F08-B7D8-70DF98673E46}.Release|Any CPU.Build.0 = Release|Any CPU
		{898A2977-16B4-4F08-B7D8-70DF98673E46}.Release|x64.ActiveCfg = Release|Any CPU
		{898A2977-16B4-4F08-B7D8-70DF98673E46}.Release|x64.Build.0 = Release|Any CPU
		{898A2977-16B4-4F08-B7D8-70DF98673E46}.Release|x86.ActiveCfg = Release|Any CPU
		{898A2977-16B4-4F08-B7D8-70DF98673E46}.Release|x86.Build.0 = Release|Any CPU
		{CDEC4EC0-8643-43A4-B8BF-10E8B0A695A0}.Debug|Any CPU.ActiveCfg = Debug|Any CPU
		{CDEC4EC0-8643-43A4-B8BF-10E8B0A695A0}.Debug|Any CPU.Build.0 = Debug|Any CPU
		{CDEC4EC0-8643-43A4-B8BF-10E8B0A695A0}.Debug|x64.ActiveCfg = Debug|Any CPU
		{CDEC4EC0-8643-43A4-B8BF-10E8B0A695A0}.Debug|x64.Build.0 = Debug|Any CPU
		{CDEC4EC0-8643-43A4-B8BF-10E8B0A695A0}.Debug|x86.ActiveCfg = Debug|Any CPU
		{CDEC4EC0-8643-43A4-B8BF-10E8B0A695A0}.Debug|x86.Build.0 = Debug|Any CPU
		{CDEC4EC0-8643-43A4-B8BF-10E8B0A695A0}.Release|Any CPU.ActiveCfg = Release|Any CPU
		{CDEC4EC0-8643-43A4-B8BF-10E8B0A695A0}.Release|Any CPU.Build.0 = Release|Any CPU
		{CDEC4EC0-8643-43A4-B8BF-10E8B0A695A0}.Release|x64.ActiveCfg = Release|Any CPU
		{CDEC4EC0-8643-43A4-B8BF-10E8B0A695A0}.Release|x64.Build.0 = Release|Any CPU
		{CDEC4EC0-8643-43A4-B8BF-10E8B0A695A0}.Release|x86.ActiveCfg = Release|Any CPU
		{CDEC4EC0-8643-43A4-B8BF-10E8B0A695A0}.Release|x86.Build.0 = Release|Any CPU
	EndGlobalSection
	GlobalSection(SolutionProperties) = preSolution
		HideSolutionNode = FALSE
	EndGlobalSection
	GlobalSection(NestedProjects) = preSolution
		#if(architecture == "clean-arc")
		{2373B394-1DAE-4AA5-B1D2-1CD890C31FD6} = {E0AD1809-C64F-3D39-45E0-E424261CE16D}
		{A3463358-2B9F-4FED-B9CF-011E800BEE7A} = {22BAF98C-8415-17C4-B26A-D537657BC863}
		{22BAF98C-8415-17C4-B26A-D537657BC863} = {827E0CD3-B72D-47B6-A68D-7590B98EB39B}
		{907B3E50-C629-4F87-B167-A979209F564E} = {8D626EA8-CB54-BC41-363A-217881BEBA6E}
		{8D626EA8-CB54-BC41-363A-217881BEBA6E} = {827E0CD3-B72D-47B6-A68D-7590B98EB39B}
		{0E3EAB1E-1001-41ED-941C-125EEBD5CBE4} = {827E0CD3-B72D-47B6-A68D-7590B98EB39B}
								{71F7F2D2-5506-4B5C-9FF2-CDFD3F91DC35} = {0E3EAB1E-1001-41ED-941C-125EEBD5CBE4}
								{6DCDBEDA-094A-442D-B58C-218365E5E00C} = {0AB3BF05-4346-4AA6-1389-037BE0695223}
								{AF57D76D-8FE7-4BD0-B269-47D058F7A98D} = {0AB3BF05-4346-4AA6-1389-037BE0695223}
								{BD8F7404-6B55-44B0-9A5C-9851F21D031A} = {0AB3BF05-4346-4AA6-1389-037BE0695223}
								{D4C8DDAE-F929-4D5E-804B-6B5A100B9FAB} = {0AB3BF05-4346-4AA6-1389-037BE0695223}
		#endif
		{B7F5352F-4E1A-4236-8A99-E1C95CCADE0F} = {0AB3BF05-4346-4AA6-1389-037BE0695223}
		{E68CD84D-E0E5-33D6-F5EB-1781B188017D} = {827E0CD3-B72D-47B6-A68D-7590B98EB39B}
		{E0AD1809-C64F-3D39-45E0-E424261CE16D} = {827E0CD3-B72D-47B6-A68D-7590B98EB39B}
		{898A2977-16B4-4F08-B7D8-70DF98673E46} = {E68CD84D-E0E5-33D6-F5EB-1781B188017D}
		{2974DF9F-443F-45B4-A0FE-FB3745AE30BD} = {0AB3BF05-4346-4AA6-1389-037BE0695223}
		{CDEC4EC0-8643-43A4-B8BF-10E8B0A695A0} = {E0AD1809-C64F-3D39-45E0-E424261CE16D}
	EndGlobalSection
EndGlobal
